{
  "version": 4,
  "terraform_version": "1.5.7",
  "serial": 3,
  "lineage": "3c2d487d-feba-bb54-794e-79b802654ed3",
  "outputs": {
    "public_ip": {
      "value": [
        "20.219.195.112"
      ],
      "type": [
        "tuple",
        [
          "string"
        ]
      ]
    }
  },
  "resources": [
    {
      "mode": "data",
      "type": "azurerm_key_vault",
      "name": "sec1",
      "provider": "provider[\"registry.terraform.io/hashicorp/azurerm\"]",
      "instances": [
        {
          "schema_version": 0,
          "attributes": {
            "access_policy": [
              {
                "application_id": "",
                "certificate_permissions": [
                  "Get",
                  "List",
                  "Update",
                  "Create",
                  "Import",
                  "Delete",
                  "Recover",
                  "Backup",
                  "Restore",
                  "ManageContacts",
                  "ManageIssuers",
                  "GetIssuers",
                  "ListIssuers",
                  "SetIssuers",
                  "DeleteIssuers"
                ],
                "key_permissions": [
                  "Get",
                  "List",
                  "Update",
                  "Create",
                  "Import",
                  "Delete",
                  "Recover",
                  "Backup",
                  "Restore",
                  "GetRotationPolicy",
                  "SetRotationPolicy",
                  "Rotate",
                  "Encrypt",
                  "Decrypt",
                  "UnwrapKey",
                  "WrapKey",
                  "Verify",
                  "Sign"
                ],
                "object_id": "4c4dace8-4d7d-4d01-983d-82f56637692a",
                "secret_permissions": [
                  "Get",
                  "List",
                  "Set",
                  "Delete",
                  "Recover",
                  "Backup",
                  "Restore",
                  "Purge"
                ],
                "storage_permissions": [
                  "Get"
                ],
                "tenant_id": "8f9f312f-de1e-4e82-9896-b901a0a88518"
              }
            ],
            "enable_rbac_authorization": false,
            "enabled_for_deployment": false,
            "enabled_for_disk_encryption": true,
            "enabled_for_template_deployment": false,
            "id": "/subscriptions/9864e02d-72a7-4373-8ddd-f7cf57233f42/resourceGroups/devops-rg/providers/Microsoft.KeyVault/vaults/vinay2508vault",
            "location": "centralindia",
            "name": "vinay2508vault",
            "network_acls": [],
            "public_network_access_enabled": true,
            "purge_protection_enabled": false,
            "resource_group_name": "devops-rg",
            "sku_name": "standard",
            "tags": {},
            "tenant_id": "8f9f312f-de1e-4e82-9896-b901a0a88518",
            "timeouts": null,
            "vault_uri": "https://vinay2508vault.vault.azure.net/"
          },
          "sensitive_attributes": []
        }
      ]
    },
    {
      "mode": "data",
      "type": "azurerm_key_vault_secret",
      "name": "passwd",
      "provider": "provider[\"registry.terraform.io/hashicorp/azurerm\"]",
      "instances": [
        {
          "schema_version": 0,
          "attributes": {
            "content_type": "",
            "expiration_date": null,
            "id": "https://vinay2508vault.vault.azure.net/secrets/password/e3f09bb4c74a424c818787222b3f0128",
            "key_vault_id": "/subscriptions/9864e02d-72a7-4373-8ddd-f7cf57233f42/resourceGroups/devops-rg/providers/Microsoft.KeyVault/vaults/vinay2508vault",
            "name": "password",
            "not_before_date": null,
            "resource_id": "/subscriptions/9864e02d-72a7-4373-8ddd-f7cf57233f42/resourceGroups/devops-rg/providers/Microsoft.KeyVault/vaults/vinay2508vault/secrets/password/versions/e3f09bb4c74a424c818787222b3f0128",
            "resource_versionless_id": "/subscriptions/9864e02d-72a7-4373-8ddd-f7cf57233f42/resourceGroups/devops-rg/providers/Microsoft.KeyVault/vaults/vinay2508vault/secrets/password",
            "tags": {},
            "timeouts": null,
            "value": "Vinay@123456",
            "version": "e3f09bb4c74a424c818787222b3f0128",
            "versionless_id": "https://vinay2508vault.vault.azure.net/secrets/password"
          },
          "sensitive_attributes": []
        }
      ]
    },
    {
      "mode": "data",
      "type": "azurerm_key_vault_secret",
      "name": "sec2",
      "provider": "provider[\"registry.terraform.io/hashicorp/azurerm\"]",
      "instances": [
        {
          "schema_version": 0,
          "attributes": {
            "content_type": "",
            "expiration_date": null,
            "id": "https://vinay2508vault.vault.azure.net/secrets/username/42cddf9350be4bf8a9741ef493943f33",
            "key_vault_id": "/subscriptions/9864e02d-72a7-4373-8ddd-f7cf57233f42/resourceGroups/devops-rg/providers/Microsoft.KeyVault/vaults/vinay2508vault",
            "name": "username",
            "not_before_date": null,
            "resource_id": "/subscriptions/9864e02d-72a7-4373-8ddd-f7cf57233f42/resourceGroups/devops-rg/providers/Microsoft.KeyVault/vaults/vinay2508vault/secrets/username/versions/42cddf9350be4bf8a9741ef493943f33",
            "resource_versionless_id": "/subscriptions/9864e02d-72a7-4373-8ddd-f7cf57233f42/resourceGroups/devops-rg/providers/Microsoft.KeyVault/vaults/vinay2508vault/secrets/username",
            "tags": {},
            "timeouts": null,
            "value": "adminuser",
            "version": "42cddf9350be4bf8a9741ef493943f33",
            "versionless_id": "https://vinay2508vault.vault.azure.net/secrets/username"
          },
          "sensitive_attributes": []
        }
      ]
    },
    {
      "mode": "data",
      "type": "azurerm_subnet",
      "name": "vn1",
      "provider": "provider[\"registry.terraform.io/hashicorp/azurerm\"]",
      "instances": [
        {
          "schema_version": 0,
          "attributes": {
            "address_prefix": "10.0.1.0/24",
            "address_prefixes": [
              "10.0.1.0/24"
            ],
            "enforce_private_link_endpoint_network_policies": false,
            "enforce_private_link_service_network_policies": false,
            "id": "/subscriptions/9864e02d-72a7-4373-8ddd-f7cf57233f42/resourceGroups/devops-rg/providers/Microsoft.Network/virtualNetworks/g2vnet1/subnets/g2subnet0",
            "name": "g2subnet0",
            "network_security_group_id": "",
            "private_endpoint_network_policies_enabled": true,
            "private_link_service_network_policies_enabled": true,
            "resource_group_name": "devops-rg",
            "route_table_id": "",
            "service_endpoints": [],
            "timeouts": null,
            "virtual_network_name": "g2vnet1"
          },
          "sensitive_attributes": []
        }
      ]
    },
    {
      "mode": "managed",
      "type": "azurerm_public_ip",
      "name": "winpip",
      "provider": "provider[\"registry.terraform.io/hashicorp/azurerm\"]",
      "instances": [
        {
          "index_key": "vm1",
          "schema_version": 0,
          "attributes": {
            "allocation_method": "Static",
            "ddos_protection_mode": "VirtualNetworkInherited",
            "ddos_protection_plan_id": null,
            "domain_name_label": null,
            "edge_zone": "",
            "fqdn": null,
            "id": "/subscriptions/9864e02d-72a7-4373-8ddd-f7cf57233f42/resourceGroups/devops-rg/providers/Microsoft.Network/publicIPAddresses/winip",
            "idle_timeout_in_minutes": 4,
            "ip_address": "20.219.195.112",
            "ip_tags": null,
            "ip_version": "IPv4",
            "location": "centralindia",
            "name": "winip",
            "public_ip_prefix_id": null,
            "resource_group_name": "devops-rg",
            "reverse_fqdn": null,
            "sku": "Basic",
            "sku_tier": "Regional",
            "tags": null,
            "timeouts": null,
            "zones": null
          },
          "sensitive_attributes": [],
          "private": "eyJlMmJmYjczMC1lY2FhLTExZTYtOGY4OC0zNDM2M2JjN2M0YzAiOnsiY3JlYXRlIjoxODAwMDAwMDAwMDAwLCJkZWxldGUiOjE4MDAwMDAwMDAwMDAsInJlYWQiOjMwMDAwMDAwMDAwMCwidXBkYXRlIjoxODAwMDAwMDAwMDAwfX0="
        }
      ]
    },
    {
      "mode": "managed",
      "type": "azurerm_windows_virtual_machine",
      "name": "winvm",
      "provider": "provider[\"registry.terraform.io/hashicorp/azurerm\"]",
      "instances": []
    }
  ],
  "check_results": null
}
