{
  "version": 4,
  "terraform_version": "1.5.5",
  "serial": 3,
  "lineage": "bf1093b2-f825-fe31-4623-45f2858cc964",
  "outputs": {},
  "resources": [
    {
      "mode": "data",
      "type": "azurerm_client_config",
      "name": "current",
      "provider": "provider[\"registry.terraform.io/hashicorp/azurerm\"]",
      "instances": [
        {
          "schema_version": 0,
          "attributes": {
            "client_id": "04b07795-8ddb-461a-bbee-02f9e1bf7b46",
            "id": "Y2xpZW50Q29uZmlncy9jbGllbnRJZD0wNGIwNzc5NS04ZGRiLTQ2MWEtYmJlZS0wMmY5ZTFiZjdiNDY7b2JqZWN0SWQ9NGM0ZGFjZTgtNGQ3ZC00ZDAxLTk4M2QtODJmNTY2Mzc2OTJhO3N1YnNjcmlwdGlvbklkPTk4NjRlMDJkLTcyYTctNDM3My04ZGRkLWY3Y2Y1NzIzM2Y0Mjt0ZW5hbnRJZD04ZjlmMzEyZi1kZTFlLTRlODItOTg5Ni1iOTAxYTBhODg1MTg=",
            "object_id": "4c4dace8-4d7d-4d01-983d-82f56637692a",
            "subscription_id": "9864e02d-72a7-4373-8ddd-f7cf57233f42",
            "tenant_id": "8f9f312f-de1e-4e82-9896-b901a0a88518",
            "timeouts": null
          },
          "sensitive_attributes": []
        }
      ]
    },
    {
      "mode": "managed",
      "type": "azurerm_key_vault",
      "name": "example",
      "provider": "provider[\"registry.terraform.io/hashicorp/azurerm\"]",
      "instances": [
        {
          "index_key": "key1",
          "schema_version": 2,
          "attributes": {
            "access_policy": [
              {
                "application_id": "",
                "certificate_permissions": null,
                "key_permissions": [
                  "Get"
                ],
                "object_id": "4c4dace8-4d7d-4d01-983d-82f56637692a",
                "secret_permissions": [
                  "Get"
                ],
                "storage_permissions": [
                  "Get"
                ],
                "tenant_id": "8f9f312f-de1e-4e82-9896-b901a0a88518"
              }
            ],
            "contact": [],
            "enable_rbac_authorization": false,
            "enabled_for_deployment": false,
            "enabled_for_disk_encryption": true,
            "enabled_for_template_deployment": false,
            "id": "/subscriptions/9864e02d-72a7-4373-8ddd-f7cf57233f42/resourceGroups/devops-rg/providers/Microsoft.KeyVault/vaults/vinay2508vault",
            "location": "centralindia",
            "name": "vinay2508vault",
            "network_acls": [
              {
                "bypass": "AzureServices",
                "default_action": "Allow",
                "ip_rules": [],
                "virtual_network_subnet_ids": []
              }
            ],
            "public_network_access_enabled": true,
            "purge_protection_enabled": false,
            "resource_group_name": "devops-rg",
            "sku_name": "standard",
            "soft_delete_retention_days": 7,
            "tags": null,
            "tenant_id": "8f9f312f-de1e-4e82-9896-b901a0a88518",
            "timeouts": null,
            "vault_uri": "https://vinay2508vault.vault.azure.net/"
          },
          "sensitive_attributes": [],
          "private": "eyJlMmJmYjczMC1lY2FhLTExZTYtOGY4OC0zNDM2M2JjN2M0YzAiOnsiY3JlYXRlIjoxODAwMDAwMDAwMDAwLCJkZWxldGUiOjE4MDAwMDAwMDAwMDAsInJlYWQiOjMwMDAwMDAwMDAwMCwidXBkYXRlIjoxODAwMDAwMDAwMDAwfSwic2NoZW1hX3ZlcnNpb24iOiIyIn0=",
          "dependencies": [
            "data.azurerm_client_config.current"
          ]
        }
      ]
    }
  ],
  "check_results": null
}
